
Microsoft Visual Studio Solution File, Format Version 12.00
# Visual Studio Version 17
VisualStudioVersion = 17.11.35208.52
MinimumVisualStudioVersion = 10.0.40219.1
Project("{FAE04EC0-301F-11D3-BF4B-00C04F79EFBC}") = "CoolBibleVerses", "CoolBibleVerses\CoolBibleVerses.csproj", "{836AE1AD-FD25-4DF8-AF68-76E92ED29B10}"
EndProject
Global
	GlobalSection(SolutionConfigurationPlatforms) = preSolution
		Debug|Any CPU = Debug|Any CPU
		Release|Any CPU = Release|Any CPU
	EndGlobalSection
	GlobalSection(ProjectConfigurationPlatforms) = postSolution
		{836AE1AD-FD25-4DF8-AF68-76E92ED29B10}.Debug|Any CPU.ActiveCfg = Debug|Any CPU
		{836AE1AD-FD25-4DF8-AF68-76E92ED29B10}.Debug|Any CPU.Build.0 = Debug|Any CPU
		{836AE1AD-FD25-4DF8-AF68-76E92ED29B10}.Release|Any CPU.ActiveCfg = Release|Any CPU
		{836AE1AD-FD25-4DF8-AF68-76E92ED29B10}.Release|Any CPU.Build.0 = Release|Any CPU
	EndGlobalSection
	GlobalSection(SolutionProperties) = preSolution
		HideSolutionNode = FALSE
	EndGlobalSection
	GlobalSection(ExtensibilityGlobals) = postSolution
		SolutionGuid = {FCC30EAD-36C2-4259-94DB-F2BC5EA4F89B}
	EndGlobalSection
EndGlobal
